
Microsoft Visual Studio Solution File, Format Version 12.00
# Visual Studio Version 17
VisualStudioVersion = 17.8.34408.163
MinimumVisualStudioVersion = 10.0.40219.1
Project("{9A19103F-16F7-4668-BE54-9A1E7A4F7556}") = "Quotes.API", "src\QuotesService\Quotes.API\Quotes.API.csproj", "{0686B00B-EEC3-4587-851E-0379CDAEE216}"
	ProjectSection(ProjectDependencies) = postProject
		{092DD5C6-C54A-43F3-8D79-ED9FE0855D34} = {092DD5C6-C54A-43F3-8D79-ED9FE0855D34}
		{35480EF1-D73F-4075-8A20-C3C9EEEFCDA2} = {35480EF1-D73F-4075-8A20-C3C9EEEFCDA2}
		{72844836-4B76-4B84-BBA8-AA6474DDD418} = {72844836-4B76-4B84-BBA8-AA6474DDD418}
	EndProjectSection
EndProject
Project("{2150E333-8FDC-42A3-9474-1A3956D46DE8}") = "Quotes", "Quotes", "{C14B4B36-270A-46E4-8E27-7885B1BB0DC9}"
EndProject
Project("{2150E333-8FDC-42A3-9474-1A3956D46DE8}") = "Authentication", "Authentication", "{7C320B1B-5916-4904-A9AC-3384EFD3CA3B}"
EndProject
Project("{2150E333-8FDC-42A3-9474-1A3956D46DE8}") = "Transactions", "Transactions", "{F8CEDCF6-EA33-4A58-B7F9-86E14D41F039}"
EndProject
Project("{2150E333-8FDC-42A3-9474-1A3956D46DE8}") = "Notifications", "Notifications", "{63AB0D08-48DA-48BD-90B7-28B6BD7A0DE6}"
EndProject
Project("{2150E333-8FDC-42A3-9474-1A3956D46DE8}") = "Shared", "Shared", "{FBB1297B-F038-4F38-BB28-39BBA35DA65A}"
EndProject
Project("{9A19103F-16F7-4668-BE54-9A1E7A4F7556}") = "Quotes.Persistance", "src\QuotesService\Quotes.Persistance\Quotes.Persistance.csproj", "{092DD5C6-C54A-43F3-8D79-ED9FE0855D34}"
EndProject
Project("{9A19103F-16F7-4668-BE54-9A1E7A4F7556}") = "Quotes.Core", "src\QuotesService\Quotes.Core\Quotes.Core.csproj", "{35480EF1-D73F-4075-8A20-C3C9EEEFCDA2}"
EndProject
Project("{9A19103F-16F7-4668-BE54-9A1E7A4F7556}") = "Quotes.Application", "src\QuotesService\Quotes.Application\Quotes.Application.csproj", "{72844836-4B76-4B84-BBA8-AA6474DDD418}"
EndProject
Project("{9A19103F-16F7-4668-BE54-9A1E7A4F7556}") = "Quotes.UnitTest", "src\QuotesService\Quotes.UnitTest\Quotes.UnitTest.csproj", "{7B467E8A-81AF-49C4-AF05-FFB41EFBF041}"
EndProject
Project("{9A19103F-16F7-4668-BE54-9A1E7A4F7556}") = "Transactions.API", "src\TransactionsService\Transactions.API\Transactions.API.csproj", "{CDAA8D17-EA15-4D26-B752-E9B0884FBA1F}"
	ProjectSection(ProjectDependencies) = postProject
		{28AA8E3D-56C0-4C19-952B-CA1EC2A1E724} = {28AA8E3D-56C0-4C19-952B-CA1EC2A1E724}
		{4C0092D1-3396-4382-AF32-957ED26F790B} = {4C0092D1-3396-4382-AF32-957ED26F790B}
		{DB7B1C9E-D460-4F70-B559-55B5D22E76AD} = {DB7B1C9E-D460-4F70-B559-55B5D22E76AD}
	EndProjectSection
EndProject
Project("{9A19103F-16F7-4668-BE54-9A1E7A4F7556}") = "Transactions.Core", "src\TransactionsService\Transactions.Core\Transactions.Core.csproj", "{DB7B1C9E-D460-4F70-B559-55B5D22E76AD}"
EndProject
Project("{9A19103F-16F7-4668-BE54-9A1E7A4F7556}") = "Transactions.Application", "src\TransactionsService\Transactions.Application\Transactions.Application.csproj", "{28AA8E3D-56C0-4C19-952B-CA1EC2A1E724}"
EndProject
Project("{9A19103F-16F7-4668-BE54-9A1E7A4F7556}") = "Transactions.Persistance", "src\TransactionsService\Transactions.Persistance\Transactions.Persistance.csproj", "{4C0092D1-3396-4382-AF32-957ED26F790B}"
EndProject
Project("{9A19103F-16F7-4668-BE54-9A1E7A4F7556}") = "Transactions.UnitTest", "src\TransactionsService\Transactions.UnitTest\Transactions.UnitTest.csproj", "{EEC0BFE1-AC3C-4F40-8671-C1721C4DA14C}"
EndProject
Project("{9A19103F-16F7-4668-BE54-9A1E7A4F7556}") = "Notifications.API", "src\NotificationsService\Notifications.API\Notifications.API.csproj", "{E9C98EA6-627E-487B-8E28-90DE1C462460}"
	ProjectSection(ProjectDependencies) = postProject
		{08614888-F093-4E18-840F-6677F6141AF6} = {08614888-F093-4E18-840F-6677F6141AF6}
		{588A952B-C204-4FFF-9C91-B6AA852C6326} = {588A952B-C204-4FFF-9C91-B6AA852C6326}
		{9C5E86A3-B518-4CFB-A226-2BD064D83C26} = {9C5E86A3-B518-4CFB-A226-2BD064D83C26}
	EndProjectSection
EndProject
Project("{9A19103F-16F7-4668-BE54-9A1E7A4F7556}") = "Notifications.Core", "src\NotificationsService\Notifications.Core\Notifications.Core.csproj", "{08614888-F093-4E18-840F-6677F6141AF6}"
EndProject
Project("{9A19103F-16F7-4668-BE54-9A1E7A4F7556}") = "Notifications.Application", "src\NotificationsService\Notifications.Application\Notifications.Application.csproj", "{588A952B-C204-4FFF-9C91-B6AA852C6326}"
EndProject
Project("{9A19103F-16F7-4668-BE54-9A1E7A4F7556}") = "Notifications.Persistance", "src\NotificationsService\Notifications.Persistance\Notifications.Persistance.csproj", "{9C5E86A3-B518-4CFB-A226-2BD064D83C26}"
EndProject
Project("{9A19103F-16F7-4668-BE54-9A1E7A4F7556}") = "Notifications.UnitTest", "src\NotificationsService\Notifications.UnitTest\Notifications.UnitTest.csproj", "{99D6BF53-E6A4-4B9F-9C42-8E2B8F983FB3}"
EndProject
Project("{9A19103F-16F7-4668-BE54-9A1E7A4F7556}") = "Authentication.API", "src\AuthenticationService\Authentication.API\Authentication.API.csproj", "{4DBDC339-A43E-429D-B2C7-1C1D4704820E}"
	ProjectSection(ProjectDependencies) = postProject
		{A614AB21-D501-46A3-978C-9D524400F3B5} = {A614AB21-D501-46A3-978C-9D524400F3B5}
		{AC88CAF6-BC5A-4305-9A1A-DFDE4B3F2AE1} = {AC88CAF6-BC5A-4305-9A1A-DFDE4B3F2AE1}
		{D67BB966-1668-44BD-A91B-E6EA0172739D} = {D67BB966-1668-44BD-A91B-E6EA0172739D}
	EndProjectSection
EndProject
Project("{9A19103F-16F7-4668-BE54-9A1E7A4F7556}") = "Authentication.Core", "src\AuthenticationService\Authentication.Core\Authentication.Core.csproj", "{AC88CAF6-BC5A-4305-9A1A-DFDE4B3F2AE1}"
EndProject
Project("{9A19103F-16F7-4668-BE54-9A1E7A4F7556}") = "Authentication.Application", "src\AuthenticationService\Authentication.Application\Authentication.Application.csproj", "{D67BB966-1668-44BD-A91B-E6EA0172739D}"
EndProject
Project("{9A19103F-16F7-4668-BE54-9A1E7A4F7556}") = "Authentication.Persistance", "src\AuthenticationService\Authentication.Persistance\Authentication.Persistance.csproj", "{A614AB21-D501-46A3-978C-9D524400F3B5}"
EndProject
Project("{9A19103F-16F7-4668-BE54-9A1E7A4F7556}") = "Authentication.UnitTest", "src\AuthenticationService\Authentication.UnitTest\Authentication.UnitTest.csproj", "{E9C52D7E-9338-4C69-B6FC-A0BBD3300BFF}"
EndProject
Project("{E53339B2-1760-4266-BCC7-CA923CBCF16C}") = "docker-compose", "docker-compose.dcproj", "{4C5BC11A-0981-448D-A808-55219B57A571}"
EndProject
Global
	GlobalSection(SolutionConfigurationPlatforms) = preSolution
		Debug|Any CPU = Debug|Any CPU
		Release|Any CPU = Release|Any CPU
	EndGlobalSection
	GlobalSection(ProjectConfigurationPlatforms) = postSolution
		{0686B00B-EEC3-4587-851E-0379CDAEE216}.Debug|Any CPU.ActiveCfg = Debug|Any CPU
		{0686B00B-EEC3-4587-851E-0379CDAEE216}.Debug|Any CPU.Build.0 = Debug|Any CPU
		{0686B00B-EEC3-4587-851E-0379CDAEE216}.Release|Any CPU.ActiveCfg = Release|Any CPU
		{0686B00B-EEC3-4587-851E-0379CDAEE216}.Release|Any CPU.Build.0 = Release|Any CPU
		{092DD5C6-C54A-43F3-8D79-ED9FE0855D34}.Debug|Any CPU.ActiveCfg = Debug|Any CPU
		{092DD5C6-C54A-43F3-8D79-ED9FE0855D34}.Debug|Any CPU.Build.0 = Debug|Any CPU
		{092DD5C6-C54A-43F3-8D79-ED9FE0855D34}.Release|Any CPU.ActiveCfg = Release|Any CPU
		{092DD5C6-C54A-43F3-8D79-ED9FE0855D34}.Release|Any CPU.Build.0 = Release|Any CPU
		{35480EF1-D73F-4075-8A20-C3C9EEEFCDA2}.Debug|Any CPU.ActiveCfg = Debug|Any CPU
		{35480EF1-D73F-4075-8A20-C3C9EEEFCDA2}.Debug|Any CPU.Build.0 = Debug|Any CPU
		{35480EF1-D73F-4075-8A20-C3C9EEEFCDA2}.Release|Any CPU.ActiveCfg = Release|Any CPU
		{35480EF1-D73F-4075-8A20-C3C9EEEFCDA2}.Release|Any CPU.Build.0 = Release|Any CPU
		{72844836-4B76-4B84-BBA8-AA6474DDD418}.Debug|Any CPU.ActiveCfg = Debug|Any CPU
		{72844836-4B76-4B84-BBA8-AA6474DDD418}.Debug|Any CPU.Build.0 = Debug|Any CPU
		{72844836-4B76-4B84-BBA8-AA6474DDD418}.Release|Any CPU.ActiveCfg = Release|Any CPU
		{72844836-4B76-4B84-BBA8-AA6474DDD418}.Release|Any CPU.Build.0 = Release|Any CPU
		{7B467E8A-81AF-49C4-AF05-FFB41EFBF041}.Debug|Any CPU.ActiveCfg = Debug|Any CPU
		{7B467E8A-81AF-49C4-AF05-FFB41EFBF041}.Debug|Any CPU.Build.0 = Debug|Any CPU
		{7B467E8A-81AF-49C4-AF05-FFB41EFBF041}.Release|Any CPU.ActiveCfg = Release|Any CPU
		{7B467E8A-81AF-49C4-AF05-FFB41EFBF041}.Release|Any CPU.Build.0 = Release|Any CPU
		{CDAA8D17-EA15-4D26-B752-E9B0884FBA1F}.Debug|Any CPU.ActiveCfg = Debug|Any CPU
		{CDAA8D17-EA15-4D26-B752-E9B0884FBA1F}.Debug|Any CPU.Build.0 = Debug|Any CPU
		{CDAA8D17-EA15-4D26-B752-E9B0884FBA1F}.Release|Any CPU.ActiveCfg = Release|Any CPU
		{CDAA8D17-EA15-4D26-B752-E9B0884FBA1F}.Release|Any CPU.Build.0 = Release|Any CPU
		{DB7B1C9E-D460-4F70-B559-55B5D22E76AD}.Debug|Any CPU.ActiveCfg = Debug|Any CPU
		{DB7B1C9E-D460-4F70-B559-55B5D22E76AD}.Debug|Any CPU.Build.0 = Debug|Any CPU
		{DB7B1C9E-D460-4F70-B559-55B5D22E76AD}.Release|Any CPU.ActiveCfg = Release|Any CPU
		{DB7B1C9E-D460-4F70-B559-55B5D22E76AD}.Release|Any CPU.Build.0 = Release|Any CPU
		{28AA8E3D-56C0-4C19-952B-CA1EC2A1E724}.Debug|Any CPU.ActiveCfg = Debug|Any CPU
		{28AA8E3D-56C0-4C19-952B-CA1EC2A1E724}.Debug|Any CPU.Build.0 = Debug|Any CPU
		{28AA8E3D-56C0-4C19-952B-CA1EC2A1E724}.Release|Any CPU.ActiveCfg = Release|Any CPU
		{28AA8E3D-56C0-4C19-952B-CA1EC2A1E724}.Release|Any CPU.Build.0 = Release|Any CPU
		{4C0092D1-3396-4382-AF32-957ED26F790B}.Debug|Any CPU.ActiveCfg = Debug|Any CPU
		{4C0092D1-3396-4382-AF32-957ED26F790B}.Debug|Any CPU.Build.0 = Debug|Any CPU
		{4C0092D1-3396-4382-AF32-957ED26F790B}.Release|Any CPU.ActiveCfg = Release|Any CPU
		{4C0092D1-3396-4382-AF32-957ED26F790B}.Release|Any CPU.Build.0 = Release|Any CPU
		{EEC0BFE1-AC3C-4F40-8671-C1721C4DA14C}.Debug|Any CPU.ActiveCfg = Debug|Any CPU
		{EEC0BFE1-AC3C-4F40-8671-C1721C4DA14C}.Debug|Any CPU.Build.0 = Debug|Any CPU
		{EEC0BFE1-AC3C-4F40-8671-C1721C4DA14C}.Release|Any CPU.ActiveCfg = Release|Any CPU
		{EEC0BFE1-AC3C-4F40-8671-C1721C4DA14C}.Release|Any CPU.Build.0 = Release|Any CPU
		{E9C98EA6-627E-487B-8E28-90DE1C462460}.Debug|Any CPU.ActiveCfg = Debug|Any CPU
		{E9C98EA6-627E-487B-8E28-90DE1C462460}.Debug|Any CPU.Build.0 = Debug|Any CPU
		{E9C98EA6-627E-487B-8E28-90DE1C462460}.Release|Any CPU.ActiveCfg = Release|Any CPU
		{E9C98EA6-627E-487B-8E28-90DE1C462460}.Release|Any CPU.Build.0 = Release|Any CPU
		{08614888-F093-4E18-840F-6677F6141AF6}.Debug|Any CPU.ActiveCfg = Debug|Any CPU
		{08614888-F093-4E18-840F-6677F6141AF6}.Debug|Any CPU.Build.0 = Debug|Any CPU
		{08614888-F093-4E18-840F-6677F6141AF6}.Release|Any CPU.ActiveCfg = Release|Any CPU
		{08614888-F093-4E18-840F-6677F6141AF6}.Release|Any CPU.Build.0 = Release|Any CPU
		{588A952B-C204-4FFF-9C91-B6AA852C6326}.Debug|Any CPU.ActiveCfg = Debug|Any CPU
		{588A952B-C204-4FFF-9C91-B6AA852C6326}.Debug|Any CPU.Build.0 = Debug|Any CPU
		{588A952B-C204-4FFF-9C91-B6AA852C6326}.Release|Any CPU.ActiveCfg = Release|Any CPU
		{588A952B-C204-4FFF-9C91-B6AA852C6326}.Release|Any CPU.Build.0 = Release|Any CPU
		{9C5E86A3-B518-4CFB-A226-2BD064D83C26}.Debug|Any CPU.ActiveCfg = Debug|Any CPU
		{9C5E86A3-B518-4CFB-A226-2BD064D83C26}.Debug|Any CPU.Build.0 = Debug|Any CPU
		{9C5E86A3-B518-4CFB-A226-2BD064D83C26}.Release|Any CPU.ActiveCfg = Release|Any CPU
		{9C5E86A3-B518-4CFB-A226-2BD064D83C26}.Release|Any CPU.Build.0 = Release|Any CPU
		{99D6BF53-E6A4-4B9F-9C42-8E2B8F983FB3}.Debug|Any CPU.ActiveCfg = Debug|Any CPU
		{99D6BF53-E6A4-4B9F-9C42-8E2B8F983FB3}.Debug|Any CPU.Build.0 = Debug|Any CPU
		{99D6BF53-E6A4-4B9F-9C42-8E2B8F983FB3}.Release|Any CPU.ActiveCfg = Release|Any CPU
		{99D6BF53-E6A4-4B9F-9C42-8E2B8F983FB3}.Release|Any CPU.Build.0 = Release|Any CPU
		{4DBDC339-A43E-429D-B2C7-1C1D4704820E}.Debug|Any CPU.ActiveCfg = Debug|Any CPU
		{4DBDC339-A43E-429D-B2C7-1C1D4704820E}.Debug|Any CPU.Build.0 = Debug|Any CPU
		{4DBDC339-A43E-429D-B2C7-1C1D4704820E}.Release|Any CPU.ActiveCfg = Release|Any CPU
		{4DBDC339-A43E-429D-B2C7-1C1D4704820E}.Release|Any CPU.Build.0 = Release|Any CPU
		{AC88CAF6-BC5A-4305-9A1A-DFDE4B3F2AE1}.Debug|Any CPU.ActiveCfg = Debug|Any CPU
		{AC88CAF6-BC5A-4305-9A1A-DFDE4B3F2AE1}.Debug|Any CPU.Build.0 = Debug|Any CPU
		{AC88CAF6-BC5A-4305-9A1A-DFDE4B3F2AE1}.Release|Any CPU.ActiveCfg = Release|Any CPU
		{AC88CAF6-BC5A-4305-9A1A-DFDE4B3F2AE1}.Release|Any CPU.Build.0 = Release|Any CPU
		{D67BB966-1668-44BD-A91B-E6EA0172739D}.Debug|Any CPU.ActiveCfg = Debug|Any CPU
		{D67BB966-1668-44BD-A91B-E6EA0172739D}.Debug|Any CPU.Build.0 = Debug|Any CPU
		{D67BB966-1668-44BD-A91B-E6EA0172739D}.Release|Any CPU.ActiveCfg = Release|Any CPU
		{D67BB966-1668-44BD-A91B-E6EA0172739D}.Release|Any CPU.Build.0 = Release|Any CPU
		{A614AB21-D501-46A3-978C-9D524400F3B5}.Debug|Any CPU.ActiveCfg = Debug|Any CPU
		{A614AB21-D501-46A3-978C-9D524400F3B5}.Debug|Any CPU.Build.0 = Debug|Any CPU
		{A614AB21-D501-46A3-978C-9D524400F3B5}.Release|Any CPU.ActiveCfg = Release|Any CPU
		{A614AB21-D501-46A3-978C-9D524400F3B5}.Release|Any CPU.Build.0 = Release|Any CPU
		{E9C52D7E-9338-4C69-B6FC-A0BBD3300BFF}.Debug|Any CPU.ActiveCfg = Debug|Any CPU
		{E9C52D7E-9338-4C69-B6FC-A0BBD3300BFF}.Debug|Any CPU.Build.0 = Debug|Any CPU
		{E9C52D7E-9338-4C69-B6FC-A0BBD3300BFF}.Release|Any CPU.ActiveCfg = Release|Any CPU
		{E9C52D7E-9338-4C69-B6FC-A0BBD3300BFF}.Release|Any CPU.Build.0 = Release|Any CPU
		{4C5BC11A-0981-448D-A808-55219B57A571}.Debug|Any CPU.ActiveCfg = Debug|Any CPU
		{4C5BC11A-0981-448D-A808-55219B57A571}.Debug|Any CPU.Build.0 = Debug|Any CPU
		{4C5BC11A-0981-448D-A808-55219B57A571}.Release|Any CPU.ActiveCfg = Release|Any CPU
		{4C5BC11A-0981-448D-A808-55219B57A571}.Release|Any CPU.Build.0 = Release|Any CPU
	EndGlobalSection
	GlobalSection(SolutionProperties) = preSolution
		HideSolutionNode = FALSE
	EndGlobalSection
	GlobalSection(NestedProjects) = preSolution
		{0686B00B-EEC3-4587-851E-0379CDAEE216} = {C14B4B36-270A-46E4-8E27-7885B1BB0DC9}
		{092DD5C6-C54A-43F3-8D79-ED9FE0855D34} = {C14B4B36-270A-46E4-8E27-7885B1BB0DC9}
		{35480EF1-D73F-4075-8A20-C3C9EEEFCDA2} = {C14B4B36-270A-46E4-8E27-7885B1BB0DC9}
		{72844836-4B76-4B84-BBA8-AA6474DDD418} = {C14B4B36-270A-46E4-8E27-7885B1BB0DC9}
		{7B467E8A-81AF-49C4-AF05-FFB41EFBF041} = {C14B4B36-270A-46E4-8E27-7885B1BB0DC9}
		{CDAA8D17-EA15-4D26-B752-E9B0884FBA1F} = {F8CEDCF6-EA33-4A58-B7F9-86E14D41F039}
		{DB7B1C9E-D460-4F70-B559-55B5D22E76AD} = {F8CEDCF6-EA33-4A58-B7F9-86E14D41F039}
		{28AA8E3D-56C0-4C19-952B-CA1EC2A1E724} = {F8CEDCF6-EA33-4A58-B7F9-86E14D41F039}
		{4C0092D1-3396-4382-AF32-957ED26F790B} = {F8CEDCF6-EA33-4A58-B7F9-86E14D41F039}
		{EEC0BFE1-AC3C-4F40-8671-C1721C4DA14C} = {F8CEDCF6-EA33-4A58-B7F9-86E14D41F039}
		{E9C98EA6-627E-487B-8E28-90DE1C462460} = {63AB0D08-48DA-48BD-90B7-28B6BD7A0DE6}
		{08614888-F093-4E18-840F-6677F6141AF6} = {63AB0D08-48DA-48BD-90B7-28B6BD7A0DE6}
		{588A952B-C204-4FFF-9C91-B6AA852C6326} = {63AB0D08-48DA-48BD-90B7-28B6BD7A0DE6}
		{9C5E86A3-B518-4CFB-A226-2BD064D83C26} = {63AB0D08-48DA-48BD-90B7-28B6BD7A0DE6}
		{99D6BF53-E6A4-4B9F-9C42-8E2B8F983FB3} = {63AB0D08-48DA-48BD-90B7-28B6BD7A0DE6}
		{4DBDC339-A43E-429D-B2C7-1C1D4704820E} = {7C320B1B-5916-4904-A9AC-3384EFD3CA3B}
		{AC88CAF6-BC5A-4305-9A1A-DFDE4B3F2AE1} = {7C320B1B-5916-4904-A9AC-3384EFD3CA3B}
		{D67BB966-1668-44BD-A91B-E6EA0172739D} = {7C320B1B-5916-4904-A9AC-3384EFD3CA3B}
		{A614AB21-D501-46A3-978C-9D524400F3B5} = {7C320B1B-5916-4904-A9AC-3384EFD3CA3B}
		{E9C52D7E-9338-4C69-B6FC-A0BBD3300BFF} = {7C320B1B-5916-4904-A9AC-3384EFD3CA3B}
	EndGlobalSection
	GlobalSection(ExtensibilityGlobals) = postSolution
		SolutionGuid = {E75A5E1F-3B70-4E17-ABBC-0755165113CD}
	EndGlobalSection
EndGlobal
